
Microsoft Visual Studio Solution File, Format Version 12.00
# Visual Studio Version 17
VisualStudioVersion = 17.14.37628.2 d17.14
MinimumVisualStudioVersion = 10.0.40219.1
Project("{FAE04EC0-301F-11D3-BF4B-00C04F79EFBC}") = "Assingnment_2", "Assingnment_2.csproj", "{7CD4691E-BBE1-421B-ABAB-F547171DB91E}"
EndProject
Global
	GlobalSection(SolutionConfigurationPlatforms) = preSolution
		Debug|Any CPU = Debug|Any CPU
		Release|Any CPU = Release|Any CPU
	EndGlobalSection
	GlobalSection(ProjectConfigurationPlatforms) = postSolution
		{7CD4691E-BBE1-421B-ABAB-F547171DB91E}.Debug|Any CPU.ActiveCfg = Debug|Any CPU
		{7CD4691E-BBE1-421B-ABAB-F547171DB91E}.Debug|Any CPU.Build.0 = Debug|Any CPU
		{7CD4691E-BBE1-421B-ABAB-F547171DB91E}.Release|Any CPU.ActiveCfg = Release|Any CPU
		{7CD4691E-BBE1-421B-ABAB-F547171DB91E}.Release|Any CPU.Build.0 = Release|Any CPU
	EndGlobalSection
	GlobalSection(SolutionProperties) = preSolution
		HideSolutionNode = FALSE
	EndGlobalSection
	GlobalSection(ExtensibilityGlobals) = postSolution
		SolutionGuid = {95870D72-3FDB-4551-8399-D06A2FF5CF3F}
	EndGlobalSection
EndGlobal
